
Microsoft Visual Studio Solution File, Format Version 12.00
# Visual Studio Version 17
VisualStudioVersion = 17.7.34221.43
MinimumVisualStudioVersion = 10.0.40219.1
Project("{FAE04EC0-301F-11D3-BF4B-00C04F79EFBC}") = "VGuitarrasBolivia", "VGuitarrasBolivia.csproj", "{9464BD27-4E17-4055-B18E-8E06E6EA183D}"
EndProject
Global
	GlobalSection(SolutionConfigurationPlatforms) = preSolution
		Debug|Any CPU = Debug|Any CPU
		Release|Any CPU = Release|Any CPU
	EndGlobalSection
	GlobalSection(ProjectConfigurationPlatforms) = postSolution
		{9464BD27-4E17-4055-B18E-8E06E6EA183D}.Debug|Any CPU.ActiveCfg = Debug|Any CPU
		{9464BD27-4E17-4055-B18E-8E06E6EA183D}.Debug|Any CPU.Build.0 = Debug|Any CPU
		{9464BD27-4E17-4055-B18E-8E06E6EA183D}.Release|Any CPU.ActiveCfg = Release|Any CPU
		{9464BD27-4E17-4055-B18E-8E06E6EA183D}.Release|Any CPU.Build.0 = Release|Any CPU
	EndGlobalSection
	GlobalSection(SolutionProperties) = preSolution
		HideSolutionNode = FALSE
	EndGlobalSection
	GlobalSection(ExtensibilityGlobals) = postSolution
		SolutionGuid = {CAC6B555-75B3-4F2C-A78B-681E7B1199B1}
	EndGlobalSection
EndGlobal
